
Microsoft Visual Studio Solution File, Format Version 12.00
# Visual Studio Version 17
VisualStudioVersion = 17.1.32210.238
MinimumVisualStudioVersion = 10.0.40219.1
Project("{2150E333-8FDC-42A3-9474-1A3956D46DE8}") = "common", "common", "{2B3F6D92-89BC-4566-B2A7-0A32E837C28B}"
EndProject
Project("{9A19103F-16F7-4668-BE54-9A1E7A4F7556}") = "Jh.Abp.Common", "Common\Jh.Abp.Common\Jh.Abp.Common.csproj", "{A89D181D-0D39-4DD5-BAC5-D16E24AE48EB}"
EndProject
Project("{2150E333-8FDC-42A3-9474-1A3956D46DE8}") = "GeneratorCoding", "GeneratorCoding", "{ACE37089-FD44-4F94-99A1-A22B2D3199D7}"
EndProject
Project("{2150E333-8FDC-42A3-9474-1A3956D46DE8}") = "Jh.AbpExtensions", "Jh.AbpExtensions", "{09F5A7EE-75CB-4896-813C-0A797A556A22}"
EndProject
Project("{2150E333-8FDC-42A3-9474-1A3956D46DE8}") = "QuickComponents", "QuickComponents", "{40EDC400-7189-4D4C-B529-7369D009B59E}"
EndProject
Project("{9A19103F-16F7-4668-BE54-9A1E7A4F7556}") = "Jh.SourceGenerator.Common", "GeneratorCoding\Jh.SourceGenerator.Common\Jh.SourceGenerator.Common.csproj", "{67A21FAC-896B-4881-8A16-C87ECCAE000C}"
EndProject
Project("{9A19103F-16F7-4668-BE54-9A1E7A4F7556}") = "Jh.Abp.Application", "Jh.AbpExtensions\Jh.Abp.Application\Jh.Abp.Application.csproj", "{3B066740-CF3C-44CB-BF96-70C21BF8A1A4}"
EndProject
Project("{9A19103F-16F7-4668-BE54-9A1E7A4F7556}") = "Jh.Abp.Application.Contracts", "Jh.AbpExtensions\Jh.Abp.Application.Contracts\Jh.Abp.Application.Contracts.csproj", "{E175E5A5-0398-42A9-AA48-35161A372AD6}"
EndProject
Project("{9A19103F-16F7-4668-BE54-9A1E7A4F7556}") = "Jh.Abp.Domain", "Jh.AbpExtensions\Jh.Abp.Domain\Jh.Abp.Domain.csproj", "{D73B7474-9A38-472D-8D21-98E49AB53034}"
EndProject
Project("{9A19103F-16F7-4668-BE54-9A1E7A4F7556}") = "Jh.Abp.Domain.Shared", "Jh.AbpExtensions\Jh.Abp.Domain.Shared\Jh.Abp.Domain.Shared.csproj", "{BCA8B934-76FA-4E02-88C6-62376631A95D}"
EndProject
Project("{9A19103F-16F7-4668-BE54-9A1E7A4F7556}") = "Jh.Abp.EntityFrameworkCore", "Jh.AbpExtensions\Jh.Abp.EntityFrameworkCore\Jh.Abp.EntityFrameworkCore.csproj", "{ED0CB9E9-84F2-4430-B890-B940A46834E9}"
EndProject
Project("{9A19103F-16F7-4668-BE54-9A1E7A4F7556}") = "Jh.Abp.QuickComponents", "QuickComponents\Jh.Abp.QuickComponents\Jh.Abp.QuickComponents.csproj", "{C02DFE1A-220E-4943-8372-E34A0C8ECF57}"
EndProject
Project("{9A19103F-16F7-4668-BE54-9A1E7A4F7556}") = "Jh.Abp.IdentityServer", "Jh.AbpExtensions\Jh.Abp.IdentityServer\Jh.Abp.IdentityServer.csproj", "{E08B9419-CDDA-4769-88DF-AFE956F7E3B4}"
EndProject
Project("{2150E333-8FDC-42A3-9474-1A3956D46DE8}") = "framework", "framework", "{D69D8545-7DEE-4056-ADF3-3BBD66F03B40}"
EndProject
Project("{9A19103F-16F7-4668-BE54-9A1E7A4F7556}") = "Jh.Abp.Document", "framework\Jh.Abp.Document\Jh.Abp.Document.csproj", "{DD12AD11-D416-487F-883D-861C98944566}"
EndProject
Global
	GlobalSection(SolutionConfigurationPlatforms) = preSolution
		Debug|Any CPU = Debug|Any CPU
		Release|Any CPU = Release|Any CPU
	EndGlobalSection
	GlobalSection(ProjectConfigurationPlatforms) = postSolution
		{A89D181D-0D39-4DD5-BAC5-D16E24AE48EB}.Debug|Any CPU.ActiveCfg = Debug|Any CPU
		{A89D181D-0D39-4DD5-BAC5-D16E24AE48EB}.Debug|Any CPU.Build.0 = Debug|Any CPU
		{A89D181D-0D39-4DD5-BAC5-D16E24AE48EB}.Release|Any CPU.ActiveCfg = Release|Any CPU
		{A89D181D-0D39-4DD5-BAC5-D16E24AE48EB}.Release|Any CPU.Build.0 = Release|Any CPU
		{67A21FAC-896B-4881-8A16-C87ECCAE000C}.Debug|Any CPU.ActiveCfg = Debug|Any CPU
		{67A21FAC-896B-4881-8A16-C87ECCAE000C}.Debug|Any CPU.Build.0 = Debug|Any CPU
		{67A21FAC-896B-4881-8A16-C87ECCAE000C}.Release|Any CPU.ActiveCfg = Release|Any CPU
		{67A21FAC-896B-4881-8A16-C87ECCAE000C}.Release|Any CPU.Build.0 = Release|Any CPU
		{3B066740-CF3C-44CB-BF96-70C21BF8A1A4}.Debug|Any CPU.ActiveCfg = Debug|Any CPU
		{3B066740-CF3C-44CB-BF96-70C21BF8A1A4}.Debug|Any CPU.Build.0 = Debug|Any CPU
		{3B066740-CF3C-44CB-BF96-70C21BF8A1A4}.Release|Any CPU.ActiveCfg = Release|Any CPU
		{3B066740-CF3C-44CB-BF96-70C21BF8A1A4}.Release|Any CPU.Build.0 = Release|Any CPU
		{E175E5A5-0398-42A9-AA48-35161A372AD6}.Debug|Any CPU.ActiveCfg = Debug|Any CPU
		{E175E5A5-0398-42A9-AA48-35161A372AD6}.Debug|Any CPU.Build.0 = Debug|Any CPU
		{E175E5A5-0398-42A9-AA48-35161A372AD6}.Release|Any CPU.ActiveCfg = Release|Any CPU
		{E175E5A5-0398-42A9-AA48-35161A372AD6}.Release|Any CPU.Build.0 = Release|Any CPU
		{D73B7474-9A38-472D-8D21-98E49AB53034}.Debug|Any CPU.ActiveCfg = Debug|Any CPU
		{D73B7474-9A38-472D-8D21-98E49AB53034}.Debug|Any CPU.Build.0 = Debug|Any CPU
		{D73B7474-9A38-472D-8D21-98E49AB53034}.Release|Any CPU.ActiveCfg = Release|Any CPU
		{D73B7474-9A38-472D-8D21-98E49AB53034}.Release|Any CPU.Build.0 = Release|Any CPU
		{BCA8B934-76FA-4E02-88C6-62376631A95D}.Debug|Any CPU.ActiveCfg = Debug|Any CPU
		{BCA8B934-76FA-4E02-88C6-62376631A95D}.Debug|Any CPU.Build.0 = Debug|Any CPU
		{BCA8B934-76FA-4E02-88C6-62376631A95D}.Release|Any CPU.ActiveCfg = Release|Any CPU
		{BCA8B934-76FA-4E02-88C6-62376631A95D}.Release|Any CPU.Build.0 = Release|Any CPU
		{ED0CB9E9-84F2-4430-B890-B940A46834E9}.Debug|Any CPU.ActiveCfg = Debug|Any CPU
		{ED0CB9E9-84F2-4430-B890-B940A46834E9}.Debug|Any CPU.Build.0 = Debug|Any CPU
		{ED0CB9E9-84F2-4430-B890-B940A46834E9}.Release|Any CPU.ActiveCfg = Release|Any CPU
		{ED0CB9E9-84F2-4430-B890-B940A46834E9}.Release|Any CPU.Build.0 = Release|Any CPU
		{C02DFE1A-220E-4943-8372-E34A0C8ECF57}.Debug|Any CPU.ActiveCfg = Debug|Any CPU
		{C02DFE1A-220E-4943-8372-E34A0C8ECF57}.Debug|Any CPU.Build.0 = Debug|Any CPU
		{C02DFE1A-220E-4943-8372-E34A0C8ECF57}.Release|Any CPU.ActiveCfg = Release|Any CPU
		{C02DFE1A-220E-4943-8372-E34A0C8ECF57}.Release|Any CPU.Build.0 = Release|Any CPU
		{E08B9419-CDDA-4769-88DF-AFE956F7E3B4}.Debug|Any CPU.ActiveCfg = Debug|Any CPU
		{E08B9419-CDDA-4769-88DF-AFE956F7E3B4}.Debug|Any CPU.Build.0 = Debug|Any CPU
		{E08B9419-CDDA-4769-88DF-AFE956F7E3B4}.Release|Any CPU.ActiveCfg = Release|Any CPU
		{E08B9419-CDDA-4769-88DF-AFE956F7E3B4}.Release|Any CPU.Build.0 = Release|Any CPU
		{DD12AD11-D416-487F-883D-861C98944566}.Debug|Any CPU.ActiveCfg = Debug|Any CPU
		{DD12AD11-D416-487F-883D-861C98944566}.Debug|Any CPU.Build.0 = Debug|Any CPU
		{DD12AD11-D416-487F-883D-861C98944566}.Release|Any CPU.ActiveCfg = Release|Any CPU
		{DD12AD11-D416-487F-883D-861C98944566}.Release|Any CPU.Build.0 = Release|Any CPU
	EndGlobalSection
	GlobalSection(SolutionProperties) = preSolution
		HideSolutionNode = FALSE
	EndGlobalSection
	GlobalSection(NestedProjects) = preSolution
		{A89D181D-0D39-4DD5-BAC5-D16E24AE48EB} = {2B3F6D92-89BC-4566-B2A7-0A32E837C28B}
		{67A21FAC-896B-4881-8A16-C87ECCAE000C} = {ACE37089-FD44-4F94-99A1-A22B2D3199D7}
		{3B066740-CF3C-44CB-BF96-70C21BF8A1A4} = {09F5A7EE-75CB-4896-813C-0A797A556A22}
		{E175E5A5-0398-42A9-AA48-35161A372AD6} = {09F5A7EE-75CB-4896-813C-0A797A556A22}
		{D73B7474-9A38-472D-8D21-98E49AB53034} = {09F5A7EE-75CB-4896-813C-0A797A556A22}
		{BCA8B934-76FA-4E02-88C6-62376631A95D} = {09F5A7EE-75CB-4896-813C-0A797A556A22}
		{ED0CB9E9-84F2-4430-B890-B940A46834E9} = {09F5A7EE-75CB-4896-813C-0A797A556A22}
		{C02DFE1A-220E-4943-8372-E34A0C8ECF57} = {40EDC400-7189-4D4C-B529-7369D009B59E}
		{E08B9419-CDDA-4769-88DF-AFE956F7E3B4} = {09F5A7EE-75CB-4896-813C-0A797A556A22}
		{DD12AD11-D416-487F-883D-861C98944566} = {D69D8545-7DEE-4056-ADF3-3BBD66F03B40}
	EndGlobalSection
	GlobalSection(ExtensibilityGlobals) = postSolution
		SolutionGuid = {2CB3F0C0-37A7-446C-8CAB-497E17C67463}
	EndGlobalSection
EndGlobal
